
Microsoft Visual Studio Solution File, Format Version 12.00
# Visual Studio Version 16
VisualStudioVersion = 16.0.31005.135
MinimumVisualStudioVersion = 10.0.40219.1
Project("{FAE04EC0-301F-11D3-BF4B-00C04F79EFBC}") = "Sleeptimer", "Sleeptimer.csproj", "{1A43C3D6-CD3F-49D9-B840-FFDFBAEA8C62}"
EndProject
Global
	GlobalSection(SolutionConfigurationPlatforms) = preSolution
		Debug|Any CPU = Debug|Any CPU
		Release|Any CPU = Release|Any CPU
	EndGlobalSection
	GlobalSection(ProjectConfigurationPlatforms) = postSolution
		{1A43C3D6-CD3F-49D9-B840-FFDFBAEA8C62}.Debug|Any CPU.ActiveCfg = Debug|Any CPU
		{1A43C3D6-CD3F-49D9-B840-FFDFBAEA8C62}.Debug|Any CPU.Build.0 = Debug|Any CPU
		{1A43C3D6-CD3F-49D9-B840-FFDFBAEA8C62}.Release|Any CPU.ActiveCfg = Release|Any CPU
		{1A43C3D6-CD3F-49D9-B840-FFDFBAEA8C62}.Release|Any CPU.Build.0 = Release|Any CPU
	EndGlobalSection
	GlobalSection(SolutionProperties) = preSolution
		HideSolutionNode = FALSE
	EndGlobalSection
	GlobalSection(ExtensibilityGlobals) = postSolution
		SolutionGuid = {126729E1-AAC6-4EAD-96E5-D3CA13294E67}
	EndGlobalSection
EndGlobal
